
Microsoft Visual Studio Solution File, Format Version 12.00
# Visual Studio Version 17
VisualStudioVersion = 17.0.31903.59
MinimumVisualStudioVersion = 10.0.40219.1
Project("{2150E333-8FDC-42A3-9474-1A3956D46DE8}") = "src", "src", "{E97D039D-14DB-47A3-8F83-0FF2CC2F8748}"
EndProject
Project("{FAE04EC0-301F-11D3-BF4B-00C04F79EFBC}") = "Presentation", "src\Presentation\Presentation.csproj", "{169F3257-26E0-4A50-A93C-8D7F68794CE3}"
EndProject
Project("{FAE04EC0-301F-11D3-BF4B-00C04F79EFBC}") = "Infrastructure", "src\Infrastructure\Infrastructure.csproj", "{CF6E0CA5-ED3C-48AB-A4AC-C9E330FA419E}"
EndProject
Project("{FAE04EC0-301F-11D3-BF4B-00C04F79EFBC}") = "Application", "src\Application\Application.csproj", "{2852E2F9-E9FE-4C8C-ABFF-501C1D229CB9}"
EndProject
Project("{2150E333-8FDC-42A3-9474-1A3956D46DE8}") = "tests", "tests", "{BA824DE4-99AE-4618-8332-72B8DF55CEC3}"
EndProject
Project("{2150E333-8FDC-42A3-9474-1A3956D46DE8}") = "Solution Items", "Solution Items", "{046A21C8-D759-4524-AB03-E30A60BA5826}"
	ProjectSection(SolutionItems) = preProject
		README.md = README.md
		.gitignore = .gitignore
		.editorconfig = .editorconfig
		global.json = global.json
	EndProjectSection
EndProject
Project("{FAE04EC0-301F-11D3-BF4B-00C04F79EFBC}") = "ApplicationTests", "tests\ApplicationTests\ApplicationTests.csproj", "{63486028-D888-4362-A3E2-A885372FE24E}"
EndProject
Project("{FAE04EC0-301F-11D3-BF4B-00C04F79EFBC}") = "InfrastructureTests", "tests\InfrastructureTests\InfrastructureTests.csproj", "{C11ACCD6-7347-4DC0-A58E-38973400C4D3}"
EndProject
Project("{FAE04EC0-301F-11D3-BF4B-00C04F79EFBC}") = "PresentationTests", "tests\PresentationTests\PresentationTests.csproj", "{BD49D2B3-1C27-454C-AE66-E4D1C7AF9893}"
EndProject
Global
	GlobalSection(SolutionConfigurationPlatforms) = preSolution
		Debug|Any CPU = Debug|Any CPU
		Release|Any CPU = Release|Any CPU
	EndGlobalSection
	GlobalSection(SolutionProperties) = preSolution
		HideSolutionNode = FALSE
	EndGlobalSection
	GlobalSection(ProjectConfigurationPlatforms) = postSolution
		{169F3257-26E0-4A50-A93C-8D7F68794CE3}.Debug|Any CPU.ActiveCfg = Debug|Any CPU
		{169F3257-26E0-4A50-A93C-8D7F68794CE3}.Debug|Any CPU.Build.0 = Debug|Any CPU
		{169F3257-26E0-4A50-A93C-8D7F68794CE3}.Release|Any CPU.ActiveCfg = Release|Any CPU
		{169F3257-26E0-4A50-A93C-8D7F68794CE3}.Release|Any CPU.Build.0 = Release|Any CPU
		{CF6E0CA5-ED3C-48AB-A4AC-C9E330FA419E}.Debug|Any CPU.ActiveCfg = Debug|Any CPU
		{CF6E0CA5-ED3C-48AB-A4AC-C9E330FA419E}.Debug|Any CPU.Build.0 = Debug|Any CPU
		{CF6E0CA5-ED3C-48AB-A4AC-C9E330FA419E}.Release|Any CPU.ActiveCfg = Release|Any CPU
		{CF6E0CA5-ED3C-48AB-A4AC-C9E330FA419E}.Release|Any CPU.Build.0 = Release|Any CPU
		{2852E2F9-E9FE-4C8C-ABFF-501C1D229CB9}.Debug|Any CPU.ActiveCfg = Debug|Any CPU
		{2852E2F9-E9FE-4C8C-ABFF-501C1D229CB9}.Debug|Any CPU.Build.0 = Debug|Any CPU
		{2852E2F9-E9FE-4C8C-ABFF-501C1D229CB9}.Release|Any CPU.ActiveCfg = Release|Any CPU
		{2852E2F9-E9FE-4C8C-ABFF-501C1D229CB9}.Release|Any CPU.Build.0 = Release|Any CPU
		{63486028-D888-4362-A3E2-A885372FE24E}.Debug|Any CPU.ActiveCfg = Debug|Any CPU
		{63486028-D888-4362-A3E2-A885372FE24E}.Debug|Any CPU.Build.0 = Debug|Any CPU
		{63486028-D888-4362-A3E2-A885372FE24E}.Release|Any CPU.ActiveCfg = Release|Any CPU
		{63486028-D888-4362-A3E2-A885372FE24E}.Release|Any CPU.Build.0 = Release|Any CPU
		{C11ACCD6-7347-4DC0-A58E-38973400C4D3}.Debug|Any CPU.ActiveCfg = Debug|Any CPU
		{C11ACCD6-7347-4DC0-A58E-38973400C4D3}.Debug|Any CPU.Build.0 = Debug|Any CPU
		{C11ACCD6-7347-4DC0-A58E-38973400C4D3}.Release|Any CPU.ActiveCfg = Release|Any CPU
		{C11ACCD6-7347-4DC0-A58E-38973400C4D3}.Release|Any CPU.Build.0 = Release|Any CPU
		{BD49D2B3-1C27-454C-AE66-E4D1C7AF9893}.Debug|Any CPU.ActiveCfg = Debug|Any CPU
		{BD49D2B3-1C27-454C-AE66-E4D1C7AF9893}.Debug|Any CPU.Build.0 = Debug|Any CPU
		{BD49D2B3-1C27-454C-AE66-E4D1C7AF9893}.Release|Any CPU.ActiveCfg = Release|Any CPU
		{BD49D2B3-1C27-454C-AE66-E4D1C7AF9893}.Release|Any CPU.Build.0 = Release|Any CPU
	EndGlobalSection
	GlobalSection(NestedProjects) = preSolution
		{169F3257-26E0-4A50-A93C-8D7F68794CE3} = {E97D039D-14DB-47A3-8F83-0FF2CC2F8748}
		{CF6E0CA5-ED3C-48AB-A4AC-C9E330FA419E} = {E97D039D-14DB-47A3-8F83-0FF2CC2F8748}
		{2852E2F9-E9FE-4C8C-ABFF-501C1D229CB9} = {E97D039D-14DB-47A3-8F83-0FF2CC2F8748}
		{63486028-D888-4362-A3E2-A885372FE24E} = {BA824DE4-99AE-4618-8332-72B8DF55CEC3}
		{C11ACCD6-7347-4DC0-A58E-38973400C4D3} = {BA824DE4-99AE-4618-8332-72B8DF55CEC3}
		{BD49D2B3-1C27-454C-AE66-E4D1C7AF9893} = {BA824DE4-99AE-4618-8332-72B8DF55CEC3}
	EndGlobalSection
EndGlobal
